
Microsoft Visual Studio Solution File, Format Version 12.00
Project("{FAE04EC0-301F-11D3-BF4B-00C04F79EFBC}") = "Hahaton.API", "Hahaton.API\Hahaton.API.csproj", "{BFE6D0DE-9726-427A-A029-32B30163FAD8}"
EndProject
Project("{FAE04EC0-301F-11D3-BF4B-00C04F79EFBC}") = "Hahaton.Core", "Hahaton.Core\Hahaton.Core.csproj", "{5AB8DBB6-7EA7-47E6-A92E-D661F769BED6}"
EndProject
Project("{FAE04EC0-301F-11D3-BF4B-00C04F79EFBC}") = "Hahaton.Data", "Hahaton.Data\Hahaton.Data.csproj", "{FC0405AD-3302-42B7-8A30-B9A4777CB859}"
EndProject
Project("{FAE04EC0-301F-11D3-BF4B-00C04F79EFBC}") = "Hahaton.Application", "Hahaton.Application\Hahaton.Application.csproj", "{7228D172-EDB5-4846-9C00-D97B32671599}"
EndProject
Global
	GlobalSection(SolutionConfigurationPlatforms) = preSolution
		Debug|Any CPU = Debug|Any CPU
		Release|Any CPU = Release|Any CPU
	EndGlobalSection
	GlobalSection(ProjectConfigurationPlatforms) = postSolution
		{BFE6D0DE-9726-427A-A029-32B30163FAD8}.Debug|Any CPU.ActiveCfg = Debug|Any CPU
		{BFE6D0DE-9726-427A-A029-32B30163FAD8}.Debug|Any CPU.Build.0 = Debug|Any CPU
		{BFE6D0DE-9726-427A-A029-32B30163FAD8}.Release|Any CPU.ActiveCfg = Release|Any CPU
		{BFE6D0DE-9726-427A-A029-32B30163FAD8}.Release|Any CPU.Build.0 = Release|Any CPU
		{5AB8DBB6-7EA7-47E6-A92E-D661F769BED6}.Debug|Any CPU.ActiveCfg = Debug|Any CPU
		{5AB8DBB6-7EA7-47E6-A92E-D661F769BED6}.Debug|Any CPU.Build.0 = Debug|Any CPU
		{5AB8DBB6-7EA7-47E6-A92E-D661F769BED6}.Release|Any CPU.ActiveCfg = Release|Any CPU
		{5AB8DBB6-7EA7-47E6-A92E-D661F769BED6}.Release|Any CPU.Build.0 = Release|Any CPU
		{FC0405AD-3302-42B7-8A30-B9A4777CB859}.Debug|Any CPU.ActiveCfg = Debug|Any CPU
		{FC0405AD-3302-42B7-8A30-B9A4777CB859}.Debug|Any CPU.Build.0 = Debug|Any CPU
		{FC0405AD-3302-42B7-8A30-B9A4777CB859}.Release|Any CPU.ActiveCfg = Release|Any CPU
		{FC0405AD-3302-42B7-8A30-B9A4777CB859}.Release|Any CPU.Build.0 = Release|Any CPU
		{7228D172-EDB5-4846-9C00-D97B32671599}.Debug|Any CPU.ActiveCfg = Debug|Any CPU
		{7228D172-EDB5-4846-9C00-D97B32671599}.Debug|Any CPU.Build.0 = Debug|Any CPU
		{7228D172-EDB5-4846-9C00-D97B32671599}.Release|Any CPU.ActiveCfg = Release|Any CPU
		{7228D172-EDB5-4846-9C00-D97B32671599}.Release|Any CPU.Build.0 = Release|Any CPU
	EndGlobalSection
EndGlobal
